
Microsoft Visual Studio Solution File, Format Version 12.00
# Visual Studio Version 16
VisualStudioVersion = 16.0.29519.181
MinimumVisualStudioVersion = 10.0.40219.1
Project("{FAE04EC0-301F-11D3-BF4B-00C04F79EFBC}") = "kb_api", "kb_api\kb_api.csproj", "{E095C74E-F633-404A-9A2E-DE0336586FE7}"
EndProject
Global
	GlobalSection(SolutionConfigurationPlatforms) = preSolution
		Debug|Any CPU = Debug|Any CPU
		Release|Any CPU = Release|Any CPU
	EndGlobalSection
	GlobalSection(ProjectConfigurationPlatforms) = postSolution
		{E095C74E-F633-404A-9A2E-DE0336586FE7}.Debug|Any CPU.ActiveCfg = Debug|Any CPU
		{E095C74E-F633-404A-9A2E-DE0336586FE7}.Debug|Any CPU.Build.0 = Debug|Any CPU
		{E095C74E-F633-404A-9A2E-DE0336586FE7}.Release|Any CPU.ActiveCfg = Release|Any CPU
		{E095C74E-F633-404A-9A2E-DE0336586FE7}.Release|Any CPU.Build.0 = Release|Any CPU
	EndGlobalSection
	GlobalSection(SolutionProperties) = preSolution
		HideSolutionNode = FALSE
	EndGlobalSection
	GlobalSection(ExtensibilityGlobals) = postSolution
		SolutionGuid = {13EC9499-DE04-4301-AC16-802ACCAD97FB}
	EndGlobalSection
EndGlobal
